
Microsoft Visual Studio Solution File, Format Version 12.00
# Visual Studio Version 16
VisualStudioVersion = 16.0.30114.105
MinimumVisualStudioVersion = 10.0.40219.1
Project("{FAE04EC0-301F-11D3-BF4B-00C04F79EFBC}") = "ExternalApiTestingExample.WebApi", "ExternalApiTestingExample.WebApi\ExternalApiTestingExample.WebApi.csproj", "{B51D467B-09B0-4CDF-9A66-AFC39A8A8783}"
EndProject
Project("{FAE04EC0-301F-11D3-BF4B-00C04F79EFBC}") = "ExternalApiTestingExample.Tests", "ExternalApiTestingExample.Tests\ExternalApiTestingExample.Tests.csproj", "{9FC91577-9AAF-4A0C-9CE3-3DB4FC5A9958}"
EndProject
Global
	GlobalSection(SolutionConfigurationPlatforms) = preSolution
		Debug|Any CPU = Debug|Any CPU
		Release|Any CPU = Release|Any CPU
	EndGlobalSection
	GlobalSection(SolutionProperties) = preSolution
		HideSolutionNode = FALSE
	EndGlobalSection
	GlobalSection(ProjectConfigurationPlatforms) = postSolution
		{B51D467B-09B0-4CDF-9A66-AFC39A8A8783}.Debug|Any CPU.ActiveCfg = Debug|Any CPU
		{B51D467B-09B0-4CDF-9A66-AFC39A8A8783}.Debug|Any CPU.Build.0 = Debug|Any CPU
		{B51D467B-09B0-4CDF-9A66-AFC39A8A8783}.Release|Any CPU.ActiveCfg = Release|Any CPU
		{B51D467B-09B0-4CDF-9A66-AFC39A8A8783}.Release|Any CPU.Build.0 = Release|Any CPU
		{9FC91577-9AAF-4A0C-9CE3-3DB4FC5A9958}.Debug|Any CPU.ActiveCfg = Debug|Any CPU
		{9FC91577-9AAF-4A0C-9CE3-3DB4FC5A9958}.Debug|Any CPU.Build.0 = Debug|Any CPU
		{9FC91577-9AAF-4A0C-9CE3-3DB4FC5A9958}.Release|Any CPU.ActiveCfg = Release|Any CPU
		{9FC91577-9AAF-4A0C-9CE3-3DB4FC5A9958}.Release|Any CPU.Build.0 = Release|Any CPU
	EndGlobalSection
EndGlobal
